
Microsoft Visual Studio Solution File, Format Version 12.00
# Visual Studio Express 2013 for Windows Desktop
VisualStudioVersion = 12.0.31101.0
MinimumVisualStudioVersion = 10.0.40219.1
Project("{8BC9CEB8-8B4A-11D0-8D11-00A0C91BC942}") = "HelloWorld", "HelloWorld\HelloWorld.vcxproj", "{CD1090A5-155D-467D-BE43-7DC87BB6FF5F}"
EndProject
Project("{8BC9CEB8-8B4A-11D0-8D11-00A0C91BC942}") = "Exercicio1", "Exercicio1\Exercicio1.vcxproj", "{134350DE-0931-433A-970D-4F8360A8D69C}"
EndProject
Project("{8BC9CEB8-8B4A-11D0-8D11-00A0C91BC942}") = "QuatroViewPorts", "QuatroViewPorts\QuatroViewPorts.vcxproj", "{5BAE1E9D-6A60-407B-87AD-044511E8C5D0}"
EndProject
Project("{8BC9CEB8-8B4A-11D0-8D11-00A0C91BC942}") = "Snowman", "Snowman\Snowman.vcxproj", "{BB29811F-FE70-4A3B-BE09-BB6B7BAD2952}"
EndProject
Project("{8BC9CEB8-8B4A-11D0-8D11-00A0C91BC942}") = "MultiWindows", "MultiWindows\MultiWindows.vcxproj", "{49119553-6006-4A6E-BF09-95A6432BFE29}"
EndProject
Project("{8BC9CEB8-8B4A-11D0-8D11-00A0C91BC942}") = "TwoWindows", "TwoWindows\TwoWindows.vcxproj", "{E64403D9-7CCD-426E-932F-F77F406E9495}"
EndProject
Project("{8BC9CEB8-8B4A-11D0-8D11-00A0C91BC942}") = "Input", "Input\Input.vcxproj", "{005C42DA-9B5F-47B8-8833-E3B977BA2056}"
EndProject
Project("{8BC9CEB8-8B4A-11D0-8D11-00A0C91BC942}") = "Texto", "Texto\Texto.vcxproj", "{87F404B6-FC72-4D6D-A198-0401D5565A39}"
EndProject
Project("{8BC9CEB8-8B4A-11D0-8D11-00A0C91BC942}") = "TextoCantoSuperiorEsquerdo", "TextoCantoSuperiorEsquerdo\TextoCantoSuperiorEsquerdo.vcxproj", "{EF43BA4E-291B-4916-B4D8-86F596232D87}"
EndProject
Project("{8BC9CEB8-8B4A-11D0-8D11-00A0C91BC942}") = "TextoStrokeCharacter", "TextoStrokeCharacter\TextoStrokeCharacter.vcxproj", "{C4C99718-AD85-45BA-80DA-FB4AFF59D82A}"
EndProject
Project("{8BC9CEB8-8B4A-11D0-8D11-00A0C91BC942}") = "Modelos3D", "Modelos3D\Modelos3D.vcxproj", "{DD6C69E4-A9A1-49E2-A226-D6FAED3D9293}"
EndProject
Project("{8BC9CEB8-8B4A-11D0-8D11-00A0C91BC942}") = "MultiWindowsPorsche", "MultiWindowsPorsche\MultiWindowsPorsche.vcxproj", "{16289622-B7FC-4C90-9EC1-A466AC3C5E65}"
EndProject
Project("{8BC9CEB8-8B4A-11D0-8D11-00A0C91BC942}") = "DisplayLists", "DisplayLists\DisplayLists.vcxproj", "{C323216E-D6C4-4977-913A-993AA45F12A9}"
EndProject
Project("{8BC9CEB8-8B4A-11D0-8D11-00A0C91BC942}") = "Lighting", "Lighting\Lighting.vcxproj", "{69FFED01-E19E-4CAF-B468-F9EB85AFDC0F}"
EndProject
Project("{8BC9CEB8-8B4A-11D0-8D11-00A0C91BC942}") = "Lighting2", "Lighting2\Lighting2.vcxproj", "{700B88E9-D186-400B-8405-4E39115FEF52}"
EndProject
Project("{8BC9CEB8-8B4A-11D0-8D11-00A0C91BC942}") = "Lighting3", "Lighting3\Lighting3.vcxproj", "{52811A6A-F5FF-4F5D-953C-D12ACB3A3089}"
EndProject
Project("{8BC9CEB8-8B4A-11D0-8D11-00A0C91BC942}") = "Lighting4", "Lighting4\Lighting4.vcxproj", "{D8BB925C-EC3D-496F-9A32-1259BF03726D}"
EndProject
Project("{8BC9CEB8-8B4A-11D0-8D11-00A0C91BC942}") = "Fog", "Fog\Fog.vcxproj", "{DAB3379D-3E1E-4CDA-8C33-8A87086BBF40}"
EndProject
Project("{8BC9CEB8-8B4A-11D0-8D11-00A0C91BC942}") = "LoadTextures", "LoadTextures\LoadTextures.vcxproj", "{527D0D9C-42A7-466A-813D-76DD076A2C8A}"
EndProject
Project("{8BC9CEB8-8B4A-11D0-8D11-00A0C91BC942}") = "GenerateTexture", "GenerateTexture\GenerateTexture.vcxproj", "{26A70F28-4567-485E-81AD-C6CA54BB808F}"
EndProject
Project("{8BC9CEB8-8B4A-11D0-8D11-00A0C91BC942}") = "PlanetaIluminacao", "PlanetaIluminacao\PlanetaIluminacao.vcxproj", "{2720A72D-C9F4-4B97-9376-48F8676994D1}"
EndProject
Project("{8BC9CEB8-8B4A-11D0-8D11-00A0C91BC942}") = "TexturasCubo", "TexturasCubo\TexturasCubo.vcxproj", "{72209AAA-0002-410F-9C56-88DA6A818808}"
EndProject
Project("{8BC9CEB8-8B4A-11D0-8D11-00A0C91BC942}") = "CubeMapping", "CubeMapping\CubeMapping.vcxproj", "{5B385375-EF2A-4DAD-8995-7412860973F1}"
EndProject
Project("{8BC9CEB8-8B4A-11D0-8D11-00A0C91BC942}") = "FaceDetection", "FaceDetection\FaceDetection.vcxproj", "{A20D2501-7325-4305-BFE0-185BC652A220}"
EndProject
Project("{8BC9CEB8-8B4A-11D0-8D11-00A0C91BC942}") = "OpenCVBalls", "OpenCVBalls\OpenCVBalls.vcxproj", "{DEBA9ED5-94F4-4A57-B489-D03299081AFF}"
EndProject
Global
	GlobalSection(SolutionConfigurationPlatforms) = preSolution
		Debug|Win32 = Debug|Win32
		Release|Win32 = Release|Win32
	EndGlobalSection
	GlobalSection(ProjectConfigurationPlatforms) = postSolution
		{CD1090A5-155D-467D-BE43-7DC87BB6FF5F}.Debug|Win32.ActiveCfg = Debug|Win32
		{CD1090A5-155D-467D-BE43-7DC87BB6FF5F}.Debug|Win32.Build.0 = Debug|Win32
		{CD1090A5-155D-467D-BE43-7DC87BB6FF5F}.Release|Win32.ActiveCfg = Release|Win32
		{CD1090A5-155D-467D-BE43-7DC87BB6FF5F}.Release|Win32.Build.0 = Release|Win32
		{134350DE-0931-433A-970D-4F8360A8D69C}.Debug|Win32.ActiveCfg = Debug|Win32
		{134350DE-0931-433A-970D-4F8360A8D69C}.Debug|Win32.Build.0 = Debug|Win32
		{134350DE-0931-433A-970D-4F8360A8D69C}.Release|Win32.ActiveCfg = Release|Win32
		{134350DE-0931-433A-970D-4F8360A8D69C}.Release|Win32.Build.0 = Release|Win32
		{5BAE1E9D-6A60-407B-87AD-044511E8C5D0}.Debug|Win32.ActiveCfg = Debug|Win32
		{5BAE1E9D-6A60-407B-87AD-044511E8C5D0}.Debug|Win32.Build.0 = Debug|Win32
		{5BAE1E9D-6A60-407B-87AD-044511E8C5D0}.Release|Win32.ActiveCfg = Release|Win32
		{5BAE1E9D-6A60-407B-87AD-044511E8C5D0}.Release|Win32.Build.0 = Release|Win32
		{BB29811F-FE70-4A3B-BE09-BB6B7BAD2952}.Debug|Win32.ActiveCfg = Debug|Win32
		{BB29811F-FE70-4A3B-BE09-BB6B7BAD2952}.Debug|Win32.Build.0 = Debug|Win32
		{BB29811F-FE70-4A3B-BE09-BB6B7BAD2952}.Release|Win32.ActiveCfg = Release|Win32
		{BB29811F-FE70-4A3B-BE09-BB6B7BAD2952}.Release|Win32.Build.0 = Release|Win32
		{49119553-6006-4A6E-BF09-95A6432BFE29}.Debug|Win32.ActiveCfg = Debug|Win32
		{49119553-6006-4A6E-BF09-95A6432BFE29}.Debug|Win32.Build.0 = Debug|Win32
		{49119553-6006-4A6E-BF09-95A6432BFE29}.Release|Win32.ActiveCfg = Release|Win32
		{49119553-6006-4A6E-BF09-95A6432BFE29}.Release|Win32.Build.0 = Release|Win32
		{E64403D9-7CCD-426E-932F-F77F406E9495}.Debug|Win32.ActiveCfg = Debug|Win32
		{E64403D9-7CCD-426E-932F-F77F406E9495}.Debug|Win32.Build.0 = Debug|Win32
		{E64403D9-7CCD-426E-932F-F77F406E9495}.Release|Win32.ActiveCfg = Release|Win32
		{E64403D9-7CCD-426E-932F-F77F406E9495}.Release|Win32.Build.0 = Release|Win32
		{005C42DA-9B5F-47B8-8833-E3B977BA2056}.Debug|Win32.ActiveCfg = Debug|Win32
		{005C42DA-9B5F-47B8-8833-E3B977BA2056}.Debug|Win32.Build.0 = Debug|Win32
		{005C42DA-9B5F-47B8-8833-E3B977BA2056}.Release|Win32.ActiveCfg = Release|Win32
		{005C42DA-9B5F-47B8-8833-E3B977BA2056}.Release|Win32.Build.0 = Release|Win32
		{87F404B6-FC72-4D6D-A198-0401D5565A39}.Debug|Win32.ActiveCfg = Debug|Win32
		{87F404B6-FC72-4D6D-A198-0401D5565A39}.Debug|Win32.Build.0 = Debug|Win32
		{87F404B6-FC72-4D6D-A198-0401D5565A39}.Release|Win32.ActiveCfg = Release|Win32
		{87F404B6-FC72-4D6D-A198-0401D5565A39}.Release|Win32.Build.0 = Release|Win32
		{EF43BA4E-291B-4916-B4D8-86F596232D87}.Debug|Win32.ActiveCfg = Debug|Win32
		{EF43BA4E-291B-4916-B4D8-86F596232D87}.Debug|Win32.Build.0 = Debug|Win32
		{EF43BA4E-291B-4916-B4D8-86F596232D87}.Release|Win32.ActiveCfg = Release|Win32
		{EF43BA4E-291B-4916-B4D8-86F596232D87}.Release|Win32.Build.0 = Release|Win32
		{C4C99718-AD85-45BA-80DA-FB4AFF59D82A}.Debug|Win32.ActiveCfg = Debug|Win32
		{C4C99718-AD85-45BA-80DA-FB4AFF59D82A}.Debug|Win32.Build.0 = Debug|Win32
		{C4C99718-AD85-45BA-80DA-FB4AFF59D82A}.Release|Win32.ActiveCfg = Release|Win32
		{C4C99718-AD85-45BA-80DA-FB4AFF59D82A}.Release|Win32.Build.0 = Release|Win32
		{DD6C69E4-A9A1-49E2-A226-D6FAED3D9293}.Debug|Win32.ActiveCfg = Debug|Win32
		{DD6C69E4-A9A1-49E2-A226-D6FAED3D9293}.Debug|Win32.Build.0 = Debug|Win32
		{DD6C69E4-A9A1-49E2-A226-D6FAED3D9293}.Release|Win32.ActiveCfg = Release|Win32
		{DD6C69E4-A9A1-49E2-A226-D6FAED3D9293}.Release|Win32.Build.0 = Release|Win32
		{16289622-B7FC-4C90-9EC1-A466AC3C5E65}.Debug|Win32.ActiveCfg = Debug|Win32
		{16289622-B7FC-4C90-9EC1-A466AC3C5E65}.Debug|Win32.Build.0 = Debug|Win32
		{16289622-B7FC-4C90-9EC1-A466AC3C5E65}.Release|Win32.ActiveCfg = Release|Win32
		{16289622-B7FC-4C90-9EC1-A466AC3C5E65}.Release|Win32.Build.0 = Release|Win32
		{C323216E-D6C4-4977-913A-993AA45F12A9}.Debug|Win32.ActiveCfg = Debug|Win32
		{C323216E-D6C4-4977-913A-993AA45F12A9}.Debug|Win32.Build.0 = Debug|Win32
		{C323216E-D6C4-4977-913A-993AA45F12A9}.Release|Win32.ActiveCfg = Release|Win32
		{C323216E-D6C4-4977-913A-993AA45F12A9}.Release|Win32.Build.0 = Release|Win32
		{69FFED01-E19E-4CAF-B468-F9EB85AFDC0F}.Debug|Win32.ActiveCfg = Debug|Win32
		{69FFED01-E19E-4CAF-B468-F9EB85AFDC0F}.Debug|Win32.Build.0 = Debug|Win32
		{69FFED01-E19E-4CAF-B468-F9EB85AFDC0F}.Release|Win32.ActiveCfg = Release|Win32
		{69FFED01-E19E-4CAF-B468-F9EB85AFDC0F}.Release|Win32.Build.0 = Release|Win32
		{700B88E9-D186-400B-8405-4E39115FEF52}.Debug|Win32.ActiveCfg = Debug|Win32
		{700B88E9-D186-400B-8405-4E39115FEF52}.Debug|Win32.Build.0 = Debug|Win32
		{700B88E9-D186-400B-8405-4E39115FEF52}.Release|Win32.ActiveCfg = Release|Win32
		{700B88E9-D186-400B-8405-4E39115FEF52}.Release|Win32.Build.0 = Release|Win32
		{52811A6A-F5FF-4F5D-953C-D12ACB3A3089}.Debug|Win32.ActiveCfg = Debug|Win32
		{52811A6A-F5FF-4F5D-953C-D12ACB3A3089}.Debug|Win32.Build.0 = Debug|Win32
		{52811A6A-F5FF-4F5D-953C-D12ACB3A3089}.Release|Win32.ActiveCfg = Release|Win32
		{52811A6A-F5FF-4F5D-953C-D12ACB3A3089}.Release|Win32.Build.0 = Release|Win32
		{D8BB925C-EC3D-496F-9A32-1259BF03726D}.Debug|Win32.ActiveCfg = Debug|Win32
		{D8BB925C-EC3D-496F-9A32-1259BF03726D}.Debug|Win32.Build.0 = Debug|Win32
		{D8BB925C-EC3D-496F-9A32-1259BF03726D}.Release|Win32.ActiveCfg = Release|Win32
		{D8BB925C-EC3D-496F-9A32-1259BF03726D}.Release|Win32.Build.0 = Release|Win32
		{DAB3379D-3E1E-4CDA-8C33-8A87086BBF40}.Debug|Win32.ActiveCfg = Debug|Win32
		{DAB3379D-3E1E-4CDA-8C33-8A87086BBF40}.Debug|Win32.Build.0 = Debug|Win32
		{DAB3379D-3E1E-4CDA-8C33-8A87086BBF40}.Release|Win32.ActiveCfg = Release|Win32
		{DAB3379D-3E1E-4CDA-8C33-8A87086BBF40}.Release|Win32.Build.0 = Release|Win32
		{527D0D9C-42A7-466A-813D-76DD076A2C8A}.Debug|Win32.ActiveCfg = Debug|Win32
		{527D0D9C-42A7-466A-813D-76DD076A2C8A}.Debug|Win32.Build.0 = Debug|Win32
		{527D0D9C-42A7-466A-813D-76DD076A2C8A}.Release|Win32.ActiveCfg = Release|Win32
		{527D0D9C-42A7-466A-813D-76DD076A2C8A}.Release|Win32.Build.0 = Release|Win32
		{26A70F28-4567-485E-81AD-C6CA54BB808F}.Debug|Win32.ActiveCfg = Debug|Win32
		{26A70F28-4567-485E-81AD-C6CA54BB808F}.Debug|Win32.Build.0 = Debug|Win32
		{26A70F28-4567-485E-81AD-C6CA54BB808F}.Release|Win32.ActiveCfg = Release|Win32
		{26A70F28-4567-485E-81AD-C6CA54BB808F}.Release|Win32.Build.0 = Release|Win32
		{2720A72D-C9F4-4B97-9376-48F8676994D1}.Debug|Win32.ActiveCfg = Debug|Win32
		{2720A72D-C9F4-4B97-9376-48F8676994D1}.Debug|Win32.Build.0 = Debug|Win32
		{2720A72D-C9F4-4B97-9376-48F8676994D1}.Release|Win32.ActiveCfg = Release|Win32
		{2720A72D-C9F4-4B97-9376-48F8676994D1}.Release|Win32.Build.0 = Release|Win32
		{72209AAA-0002-410F-9C56-88DA6A818808}.Debug|Win32.ActiveCfg = Debug|Win32
		{72209AAA-0002-410F-9C56-88DA6A818808}.Debug|Win32.Build.0 = Debug|Win32
		{72209AAA-0002-410F-9C56-88DA6A818808}.Release|Win32.ActiveCfg = Release|Win32
		{72209AAA-0002-410F-9C56-88DA6A818808}.Release|Win32.Build.0 = Release|Win32
		{5B385375-EF2A-4DAD-8995-7412860973F1}.Debug|Win32.ActiveCfg = Debug|Win32
		{5B385375-EF2A-4DAD-8995-7412860973F1}.Debug|Win32.Build.0 = Debug|Win32
		{5B385375-EF2A-4DAD-8995-7412860973F1}.Release|Win32.ActiveCfg = Release|Win32
		{5B385375-EF2A-4DAD-8995-7412860973F1}.Release|Win32.Build.0 = Release|Win32
		{A20D2501-7325-4305-BFE0-185BC652A220}.Debug|Win32.ActiveCfg = Debug|Win32
		{A20D2501-7325-4305-BFE0-185BC652A220}.Debug|Win32.Build.0 = Debug|Win32
		{A20D2501-7325-4305-BFE0-185BC652A220}.Release|Win32.ActiveCfg = Release|Win32
		{A20D2501-7325-4305-BFE0-185BC652A220}.Release|Win32.Build.0 = Release|Win32
		{DEBA9ED5-94F4-4A57-B489-D03299081AFF}.Debug|Win32.ActiveCfg = Debug|Win32
		{DEBA9ED5-94F4-4A57-B489-D03299081AFF}.Debug|Win32.Build.0 = Debug|Win32
		{DEBA9ED5-94F4-4A57-B489-D03299081AFF}.Release|Win32.ActiveCfg = Release|Win32
		{DEBA9ED5-94F4-4A57-B489-D03299081AFF}.Release|Win32.Build.0 = Release|Win32
	EndGlobalSection
	GlobalSection(SolutionProperties) = preSolution
		HideSolutionNode = FALSE
	EndGlobalSection
EndGlobal
