
Microsoft Visual Studio Solution File, Format Version 12.00
# Visual Studio 2013
VisualStudioVersion = 12.0.30501.0
MinimumVisualStudioVersion = 10.0.40219.1
Project("{8BC9CEB8-8B4A-11D0-8D11-00A0C91BC942}") = "HelloWorld", "HelloWorld\HelloWorld.vcxproj", "{CD1090A5-155D-467D-BE43-7DC87BB6FF5F}"
EndProject
Project("{8BC9CEB8-8B4A-11D0-8D11-00A0C91BC942}") = "Exercicio1", "Exercicio1\Exercicio1.vcxproj", "{134350DE-0931-433A-970D-4F8360A8D69C}"
EndProject
Project("{8BC9CEB8-8B4A-11D0-8D11-00A0C91BC942}") = "QuatroViewPorts", "QuatroViewPorts\QuatroViewPorts.vcxproj", "{5BAE1E9D-6A60-407B-87AD-044511E8C5D0}"
EndProject
Project("{8BC9CEB8-8B4A-11D0-8D11-00A0C91BC942}") = "Snowman", "Snowman\Snowman.vcxproj", "{BB29811F-FE70-4A3B-BE09-BB6B7BAD2952}"
EndProject
Project("{8BC9CEB8-8B4A-11D0-8D11-00A0C91BC942}") = "MultiWindows", "MultiWindows\MultiWindows.vcxproj", "{49119553-6006-4A6E-BF09-95A6432BFE29}"
EndProject
Project("{8BC9CEB8-8B4A-11D0-8D11-00A0C91BC942}") = "TwoWindows", "TwoWindows\TwoWindows.vcxproj", "{E64403D9-7CCD-426E-932F-F77F406E9495}"
EndProject
Project("{8BC9CEB8-8B4A-11D0-8D11-00A0C91BC942}") = "Input", "Input\Input.vcxproj", "{005C42DA-9B5F-47B8-8833-E3B977BA2056}"
EndProject
Project("{8BC9CEB8-8B4A-11D0-8D11-00A0C91BC942}") = "Texto", "Texto\Texto.vcxproj", "{87F404B6-FC72-4D6D-A198-0401D5565A39}"
EndProject
Project("{8BC9CEB8-8B4A-11D0-8D11-00A0C91BC942}") = "TextoCantoSuperiorEsquerdo", "TextoCantoSuperiorEsquerdo\TextoCantoSuperiorEsquerdo.vcxproj", "{EF43BA4E-291B-4916-B4D8-86F596232D87}"
EndProject
Global
	GlobalSection(SolutionConfigurationPlatforms) = preSolution
		Debug|Win32 = Debug|Win32
		Release|Win32 = Release|Win32
	EndGlobalSection
	GlobalSection(ProjectConfigurationPlatforms) = postSolution
		{CD1090A5-155D-467D-BE43-7DC87BB6FF5F}.Debug|Win32.ActiveCfg = Debug|Win32
		{CD1090A5-155D-467D-BE43-7DC87BB6FF5F}.Debug|Win32.Build.0 = Debug|Win32
		{CD1090A5-155D-467D-BE43-7DC87BB6FF5F}.Release|Win32.ActiveCfg = Release|Win32
		{CD1090A5-155D-467D-BE43-7DC87BB6FF5F}.Release|Win32.Build.0 = Release|Win32
		{134350DE-0931-433A-970D-4F8360A8D69C}.Debug|Win32.ActiveCfg = Debug|Win32
		{134350DE-0931-433A-970D-4F8360A8D69C}.Debug|Win32.Build.0 = Debug|Win32
		{134350DE-0931-433A-970D-4F8360A8D69C}.Release|Win32.ActiveCfg = Release|Win32
		{134350DE-0931-433A-970D-4F8360A8D69C}.Release|Win32.Build.0 = Release|Win32
		{5BAE1E9D-6A60-407B-87AD-044511E8C5D0}.Debug|Win32.ActiveCfg = Debug|Win32
		{5BAE1E9D-6A60-407B-87AD-044511E8C5D0}.Debug|Win32.Build.0 = Debug|Win32
		{5BAE1E9D-6A60-407B-87AD-044511E8C5D0}.Release|Win32.ActiveCfg = Release|Win32
		{5BAE1E9D-6A60-407B-87AD-044511E8C5D0}.Release|Win32.Build.0 = Release|Win32
		{BB29811F-FE70-4A3B-BE09-BB6B7BAD2952}.Debug|Win32.ActiveCfg = Debug|Win32
		{BB29811F-FE70-4A3B-BE09-BB6B7BAD2952}.Debug|Win32.Build.0 = Debug|Win32
		{BB29811F-FE70-4A3B-BE09-BB6B7BAD2952}.Release|Win32.ActiveCfg = Release|Win32
		{BB29811F-FE70-4A3B-BE09-BB6B7BAD2952}.Release|Win32.Build.0 = Release|Win32
		{49119553-6006-4A6E-BF09-95A6432BFE29}.Debug|Win32.ActiveCfg = Debug|Win32
		{49119553-6006-4A6E-BF09-95A6432BFE29}.Debug|Win32.Build.0 = Debug|Win32
		{49119553-6006-4A6E-BF09-95A6432BFE29}.Release|Win32.ActiveCfg = Release|Win32
		{49119553-6006-4A6E-BF09-95A6432BFE29}.Release|Win32.Build.0 = Release|Win32
		{E64403D9-7CCD-426E-932F-F77F406E9495}.Debug|Win32.ActiveCfg = Debug|Win32
		{E64403D9-7CCD-426E-932F-F77F406E9495}.Debug|Win32.Build.0 = Debug|Win32
		{E64403D9-7CCD-426E-932F-F77F406E9495}.Release|Win32.ActiveCfg = Release|Win32
		{E64403D9-7CCD-426E-932F-F77F406E9495}.Release|Win32.Build.0 = Release|Win32
		{005C42DA-9B5F-47B8-8833-E3B977BA2056}.Debug|Win32.ActiveCfg = Debug|Win32
		{005C42DA-9B5F-47B8-8833-E3B977BA2056}.Debug|Win32.Build.0 = Debug|Win32
		{005C42DA-9B5F-47B8-8833-E3B977BA2056}.Release|Win32.ActiveCfg = Release|Win32
		{005C42DA-9B5F-47B8-8833-E3B977BA2056}.Release|Win32.Build.0 = Release|Win32
		{87F404B6-FC72-4D6D-A198-0401D5565A39}.Debug|Win32.ActiveCfg = Debug|Win32
		{87F404B6-FC72-4D6D-A198-0401D5565A39}.Debug|Win32.Build.0 = Debug|Win32
		{87F404B6-FC72-4D6D-A198-0401D5565A39}.Release|Win32.ActiveCfg = Release|Win32
		{87F404B6-FC72-4D6D-A198-0401D5565A39}.Release|Win32.Build.0 = Release|Win32
		{EF43BA4E-291B-4916-B4D8-86F596232D87}.Debug|Win32.ActiveCfg = Debug|Win32
		{EF43BA4E-291B-4916-B4D8-86F596232D87}.Debug|Win32.Build.0 = Debug|Win32
		{EF43BA4E-291B-4916-B4D8-86F596232D87}.Release|Win32.ActiveCfg = Release|Win32
		{EF43BA4E-291B-4916-B4D8-86F596232D87}.Release|Win32.Build.0 = Release|Win32
	EndGlobalSection
	GlobalSection(SolutionProperties) = preSolution
		HideSolutionNode = FALSE
	EndGlobalSection
EndGlobal
